
Microsoft Visual Studio Solution File, Format Version 12.00
# Visual Studio 15
VisualStudioVersion = 15.0.27130.2027
MinimumVisualStudioVersion = 10.0.40219.1
Project("{FAE04EC0-301F-11D3-BF4B-00C04F79EFBC}") = "AriesQETest", "AriesQETest\AriesQETest.csproj", "{A3DDB92A-CCAD-4C23-9A80-3DF6FA51FF3F}"
EndProject
Global
	GlobalSection(SolutionConfigurationPlatforms) = preSolution
		Debug|Any CPU = Debug|Any CPU
		Release|Any CPU = Release|Any CPU
	EndGlobalSection
	GlobalSection(ProjectConfigurationPlatforms) = postSolution
		{A3DDB92A-CCAD-4C23-9A80-3DF6FA51FF3F}.Debug|Any CPU.ActiveCfg = Debug|Any CPU
		{A3DDB92A-CCAD-4C23-9A80-3DF6FA51FF3F}.Debug|Any CPU.Build.0 = Debug|Any CPU
		{A3DDB92A-CCAD-4C23-9A80-3DF6FA51FF3F}.Release|Any CPU.ActiveCfg = Release|Any CPU
		{A3DDB92A-CCAD-4C23-9A80-3DF6FA51FF3F}.Release|Any CPU.Build.0 = Release|Any CPU
	EndGlobalSection
	GlobalSection(SolutionProperties) = preSolution
		HideSolutionNode = FALSE
	EndGlobalSection
	GlobalSection(ExtensibilityGlobals) = postSolution
		SolutionGuid = {20A6AC65-EFF3-4816-BDF8-1C44CB7590D0}
	EndGlobalSection
EndGlobal
